# This lock file was generated by conda-lock (https://github.com/conda/conda-lock). DO NOT EDIT!
#
# A "lock file" contains a concrete list of package versions (with checksums) to be installed. Unlike
# e.g. `conda env create`, the resulting environment will not change as new package versions become
# available, unless you explicitly update the lock file.
#
# Install this environment as "YOURENV" with:
#     conda-lock install -n YOURENV conda-lock.yml
# To update a single package to the latest version compatible with the version constraints in the source:
#     conda-lock lock  --lockfile conda-lock.yml --update PACKAGE
# To re-solve the entire environment, e.g. after changing a version constraint in the source file:
#     conda-lock -f env.yaml --lockfile conda-lock.yml
version: 1
metadata:
  content_hash:
    linux-64: 8aa3abb33295d4b9faa90eb658767485c305d9cb17175a190c31fff41de58b68
  channels:
  - url: conda-forge
    used_env_vars: []
  platforms:
  - linux-64
  sources:
  - env.yaml
package:
- name: _libgcc_mutex
  version: '0.1'
  manager: conda
  platform: linux-64
  dependencies: {}
  url: https://conda.anaconda.org/conda-forge/linux-64/_libgcc_mutex-0.1-conda_forge.tar.bz2
  hash:
    md5: d7c89558ba9fa0495403155b64376d81
    sha256: fe51de6107f9edc7aa4f786a70f4a883943bc9d39b3bb7307c04c41410990726
  category: main
  optional: false
- name: _openmp_mutex
  version: '4.5'
  manager: conda
  platform: linux-64
  dependencies:
    _libgcc_mutex: '0.1'
    libgomp: '>=7.5.0'
  url: https://conda.anaconda.org/conda-forge/linux-64/_openmp_mutex-4.5-2_gnu.tar.bz2
  hash:
    md5: 73aaf86a425cc6e73fcf236a5a46396d
    sha256: fbe2c5e56a653bebb982eda4876a9178aedfc2b545f25d0ce9c4c0b508253d22
  category: main
  optional: false
- name: _sysroot_linux-64_curr_repodata_hack
  version: '3'
  manager: conda
  platform: linux-64
  dependencies: {}
  url: https://conda.anaconda.org/conda-forge/noarch/_sysroot_linux-64_curr_repodata_hack-3-h69a702a_16.conda
  hash:
    md5: 1c005af0c6ff22814b7c52ee448d4bea
    sha256: 6ac30acdbfd3136ee7a1de28af4355165291627e905715611726e674499b0786
  category: main
  optional: false
- name: binutils_impl_linux-64
  version: '2.40'
  manager: conda
  platform: linux-64
  dependencies:
    ld_impl_linux-64: '2.40'
    sysroot_linux-64: ''
  url: https://conda.anaconda.org/conda-forge/linux-64/binutils_impl_linux-64-2.40-ha1999f0_7.conda
  hash:
    md5: 3f840c7ed70a96b5ebde8044b2f36f32
    sha256: 230f3136d17fdcf0e6da3a3ae59118570bc18106d79dd29bf2f341338d2a42c4
  category: main
  optional: false
- name: binutils_linux-64
  version: '2.40'
  manager: conda
  platform: linux-64
  dependencies:
    binutils_impl_linux-64: 2.40.*
    sysroot_linux-64: ''
  url: https://conda.anaconda.org/conda-forge/linux-64/binutils_linux-64-2.40-hb3c18ed_0.conda
  hash:
    md5: f152f00b4c709e88cd88af1fb50a70b4
    sha256: 2aadece2933f01b5414285ac9390865b59384c8f3d47f7361664cf511ae33ad0
  category: main
  optional: false
- name: bzip2
  version: 1.0.8
  manager: conda
  platform: linux-64
  dependencies:
    __glibc: '>=2.17,<3.0.a0'
    libgcc-ng: '>=12'
  url: https://conda.anaconda.org/conda-forge/linux-64/bzip2-1.0.8-h4bc722e_7.conda
  hash:
    md5: 62ee74e96c5ebb0af99386de58cf9553
    sha256: 5ced96500d945fb286c9c838e54fa759aa04a7129c59800f0846b4335cee770d
  category: main
  optional: false
- name: ca-certificates
  version: 2024.7.4
  manager: conda
  platform: linux-64
  dependencies: {}
  url: https://conda.anaconda.org/conda-forge/linux-64/ca-certificates-2024.7.4-hbcca054_0.conda
  hash:
    md5: 23ab7665c5f63cfb9f1f6195256daac6
    sha256: c1548a3235376f464f9931850b64b02492f379b2f2bb98bc786055329b080446
  category: main
  optional: false
- name: gcc
  version: 14.1.0
  manager: conda
  platform: linux-64
  dependencies:
    gcc_impl_linux-64: 14.1.0.*
  url: https://conda.anaconda.org/conda-forge/linux-64/gcc-14.1.0-h6f9ffa1_0.conda
  hash:
    md5: 8a95c40d24a9a87ec2d756b577fc1415
    sha256: e1a259c2ed772920f9b0381809bc3b3bba2baa6a84ff616adcdaaedd3947a084
  category: main
  optional: false
- name: gcc_impl_linux-64
  version: 14.1.0
  manager: conda
  platform: linux-64
  dependencies:
    binutils_impl_linux-64: '>=2.40'
    libgcc-devel_linux-64: 14.1.0
    libgcc-ng: '>=14.1.0'
    libgomp: '>=14.1.0'
    libsanitizer: 14.1.0
    libstdcxx-ng: '>=14.1.0'
    sysroot_linux-64: ''
  url: https://conda.anaconda.org/conda-forge/linux-64/gcc_impl_linux-64-14.1.0-h3c94d91_0.conda
  hash:
    md5: b0dd0de49e0f3e34f3f636e5c7d149fe
    sha256: 770fa4e28b8a4fa880c3165fc5f959aa2b70e2f4258e3ae870eb7f852e6d4fcd
  category: main
  optional: false
- name: gcc_linux-64
  version: 14.1.0
  manager: conda
  platform: linux-64
  dependencies:
    binutils_linux-64: '2.40'
    gcc_impl_linux-64: 14.1.0.*
    sysroot_linux-64: ''
  url: https://conda.anaconda.org/conda-forge/linux-64/gcc_linux-64-14.1.0-h3f71edc_0.conda
  hash:
    md5: a2f58807d9e178617ea0b07ac65d42bb
    sha256: 7104643d42015f9a1041d5580d260dc733a941e6d1554ec6f308f7576f902559
  category: main
  optional: false
- name: gxx
  version: 14.1.0
  manager: conda
  platform: linux-64
  dependencies:
    gcc: 14.1.0.*
    gxx_impl_linux-64: 14.1.0.*
  url: https://conda.anaconda.org/conda-forge/linux-64/gxx-14.1.0-h6f9ffa1_0.conda
  hash:
    md5: bedbce6fb4d8927b2a3c1ce9dd5c5cf3
    sha256: 12e9e08837b6eed472aa9e324042f1780ff8f494235dde2d505e202ef7061392
  category: main
  optional: false
- name: gxx_impl_linux-64
  version: 14.1.0
  manager: conda
  platform: linux-64
  dependencies:
    gcc_impl_linux-64: 14.1.0
    libstdcxx-devel_linux-64: 14.1.0
    sysroot_linux-64: ''
    tzdata: ''
  url: https://conda.anaconda.org/conda-forge/linux-64/gxx_impl_linux-64-14.1.0-h8d00ecb_0.conda
  hash:
    md5: dacdca4eeb41f72d5df4511a2c06b992
    sha256: c4622eb546c3e2e7f0b812561dd63d1946e017bb036da74d0a585c8713d51e82
  category: main
  optional: false
- name: icu
  version: '75.1'
  manager: conda
  platform: linux-64
  dependencies:
    __glibc: '>=2.17,<3.0.a0'
    libgcc-ng: '>=12'
    libstdcxx-ng: '>=12'
  url: https://conda.anaconda.org/conda-forge/linux-64/icu-75.1-he02047a_0.conda
  hash:
    md5: 8b189310083baabfb622af68fd9d3ae3
    sha256: 71e750d509f5fa3421087ba88ef9a7b9be11c53174af3aa4d06aff4c18b38e8e
  category: main
  optional: false
- name: kernel-headers_linux-64
  version: 3.10.0
  manager: conda
  platform: linux-64
  dependencies:
    _sysroot_linux-64_curr_repodata_hack: 3.*
  url: https://conda.anaconda.org/conda-forge/noarch/kernel-headers_linux-64-3.10.0-h4a8ded7_16.conda
  hash:
    md5: ff7f38675b226cfb855aebfc32a13e31
    sha256: a55044e0f61058a5f6bab5e1dd7f15a1fa7a08ec41501dbfca5ab0fc50b9c0c1
  category: main
  optional: false
- name: ld_impl_linux-64
  version: '2.40'
  manager: conda
  platform: linux-64
  dependencies: {}
  url: https://conda.anaconda.org/conda-forge/linux-64/ld_impl_linux-64-2.40-hf3520f5_7.conda
  hash:
    md5: b80f2f396ca2c28b8c14c437a4ed1e74
    sha256: 764b6950aceaaad0c67ef925417594dd14cd2e22fff864aeef455ac259263d15
  category: main
  optional: false
- name: libexpat
  version: 2.6.2
  manager: conda
  platform: linux-64
  dependencies:
    libgcc-ng: '>=12'
  url: https://conda.anaconda.org/conda-forge/linux-64/libexpat-2.6.2-h59595ed_0.conda
  hash:
    md5: e7ba12deb7020dd080c6c70e7b6f6a3d
    sha256: 331bb7c7c05025343ebd79f86ae612b9e1e74d2687b8f3179faec234f986ce19
  category: main
  optional: false
- name: libffi
  version: 3.4.2
  manager: conda
  platform: linux-64
  dependencies:
    libgcc-ng: '>=9.4.0'
  url: https://conda.anaconda.org/conda-forge/linux-64/libffi-3.4.2-h7f98852_5.tar.bz2
  hash:
    md5: d645c6d2ac96843a2bfaccd2d62b3ac3
    sha256: ab6e9856c21709b7b517e940ae7028ae0737546122f83c2aa5d692860c3b149e
  category: main
  optional: false
- name: libgcc-devel_linux-64
  version: 14.1.0
  manager: conda
  platform: linux-64
  dependencies:
    __unix: ''
  url: https://conda.anaconda.org/conda-forge/noarch/libgcc-devel_linux-64-14.1.0-h5d3d1c9_100.conda
  hash:
    md5: 6d4f65dc440f7b3422113b135be19703
    sha256: 1ec4d97e9596126b65323816f876e6bcdc69c5cc828469184ecdabb686e5c090
  category: main
  optional: false
- name: libgcc-ng
  version: 14.1.0
  manager: conda
  platform: linux-64
  dependencies:
    _libgcc_mutex: '0.1'
    _openmp_mutex: '>=4.5'
  url: https://conda.anaconda.org/conda-forge/linux-64/libgcc-ng-14.1.0-h77fa898_0.conda
  hash:
    md5: ca0fad6a41ddaef54a153b78eccb5037
    sha256: b8e869ac96591cda2704bf7e77a301025e405227791a0bddf14a3dac65125538
  category: main
  optional: false
- name: libgomp
  version: 14.1.0
  manager: conda
  platform: linux-64
  dependencies:
    _libgcc_mutex: '0.1'
  url: https://conda.anaconda.org/conda-forge/linux-64/libgomp-14.1.0-h77fa898_0.conda
  hash:
    md5: ae061a5ed5f05818acdf9adab72c146d
    sha256: 7699df61a1f6c644b3576a40f54791561f2845983120477a16116b951c9cdb05
  category: main
  optional: false
- name: libhwloc
  version: 2.11.1
  manager: conda
  platform: linux-64
  dependencies:
    __glibc: '>=2.17,<3.0.a0'
    libgcc-ng: '>=12'
    libstdcxx-ng: '>=12'
    libxml2: '>=2.12.7,<3.0a0'
  url: https://conda.anaconda.org/conda-forge/linux-64/libhwloc-2.11.1-default_hecaa2ac_1000.conda
  hash:
    md5: f54aeebefb5c5ff84eca4fb05ca8aa3a
    sha256: 8473a300e10b79557ce0ac81602506b47146aff3df4cc3568147a7dd07f480a2
  category: main
  optional: false
- name: libiconv
  version: '1.17'
  manager: conda
  platform: linux-64
  dependencies:
    libgcc-ng: '>=12'
  url: https://conda.anaconda.org/conda-forge/linux-64/libiconv-1.17-hd590300_2.conda
  hash:
    md5: d66573916ffcf376178462f1b61c941e
    sha256: 8ac2f6a9f186e76539439e50505d98581472fedb347a20e7d1f36429849f05c9
  category: main
  optional: false
- name: libnsl
  version: 2.0.1
  manager: conda
  platform: linux-64
  dependencies:
    libgcc-ng: '>=12'
  url: https://conda.anaconda.org/conda-forge/linux-64/libnsl-2.0.1-hd590300_0.conda
  hash:
    md5: 30fd6e37fe21f86f4bd26d6ee73eeec7
    sha256: 26d77a3bb4dceeedc2a41bd688564fe71bf2d149fdcf117049970bc02ff1add6
  category: main
  optional: false
- name: libnuma
  version: 2.0.18
  manager: conda
  platform: linux-64
  dependencies:
    libgcc-ng: '>=12'
  url: https://conda.anaconda.org/conda-forge/linux-64/libnuma-2.0.18-h4ab18f5_2.conda
  hash:
    md5: a263760479dbc7bc1f3df12707bd90dc
    sha256: cef7d073a3f40876e6184bb5d269a99fa72de58b1106409510f81a1cd5f3d83c
  category: main
  optional: false
- name: libsanitizer
  version: 14.1.0
  manager: conda
  platform: linux-64
  dependencies:
    libgcc-ng: '>=14.1.0'
    libstdcxx-ng: '>=14.1.0'
  url: https://conda.anaconda.org/conda-forge/linux-64/libsanitizer-14.1.0-hcba0ae0_0.conda
  hash:
    md5: 88343f89ea4280a79ddd9e755992743d
    sha256: 4aa6f326e5a1badf142c97b0cd92d8b5000a8c87b112e1320581e1b6720b5110
  category: main
  optional: false
- name: libsqlite
  version: 3.46.0
  manager: conda
  platform: linux-64
  dependencies:
    libgcc-ng: '>=12'
    libzlib: '>=1.2.13,<2.0a0'
  url: https://conda.anaconda.org/conda-forge/linux-64/libsqlite-3.46.0-hde9e2c9_0.conda
  hash:
    md5: 18aa975d2094c34aef978060ae7da7d8
    sha256: daee3f68786231dad457d0dfde3f7f1f9a7f2018adabdbb864226775101341a8
  category: main
  optional: false
- name: libstdcxx-devel_linux-64
  version: 14.1.0
  manager: conda
  platform: linux-64
  dependencies:
    __unix: ''
  url: https://conda.anaconda.org/conda-forge/noarch/libstdcxx-devel_linux-64-14.1.0-h5d3d1c9_100.conda
  hash:
    md5: cedc62fd8c4cf28f23d3cd5db7839e99
    sha256: 1325163d4d431fcce518e6ab16558df8e216e8370bf32935d395127dfc62fa85
  category: main
  optional: false
- name: libstdcxx-ng
  version: 14.1.0
  manager: conda
  platform: linux-64
  dependencies:
    libgcc-ng: 14.1.0
  url: https://conda.anaconda.org/conda-forge/linux-64/libstdcxx-ng-14.1.0-hc0a3c3a_0.conda
  hash:
    md5: 1cb187a157136398ddbaae90713e2498
    sha256: 88c42b388202ffe16adaa337e36cf5022c63cf09b0405cf06fc6aeacccbe6146
  category: main
  optional: false
- name: libuuid
  version: 2.38.1
  manager: conda
  platform: linux-64
  dependencies:
    libgcc-ng: '>=12'
  url: https://conda.anaconda.org/conda-forge/linux-64/libuuid-2.38.1-h0b41bf4_0.conda
  hash:
    md5: 40b61aab5c7ba9ff276c41cfffe6b80b
    sha256: 787eb542f055a2b3de553614b25f09eefb0a0931b0c87dbcce6efdfd92f04f18
  category: main
  optional: false
- name: libxcrypt
  version: 4.4.36
  manager: conda
  platform: linux-64
  dependencies:
    libgcc-ng: '>=12'
  url: https://conda.anaconda.org/conda-forge/linux-64/libxcrypt-4.4.36-hd590300_1.conda
  hash:
    md5: 5aa797f8787fe7a17d1b0821485b5adc
    sha256: 6ae68e0b86423ef188196fff6207ed0c8195dd84273cb5623b85aa08033a410c
  category: main
  optional: false
- name: libxml2
  version: 2.12.7
  manager: conda
  platform: linux-64
  dependencies:
    __glibc: '>=2.17,<3.0.a0'
    icu: '>=75.1,<76.0a0'
    libgcc-ng: '>=12'
    libiconv: '>=1.17,<2.0a0'
    libzlib: '>=1.3.1,<2.0a0'
    xz: '>=5.2.6,<6.0a0'
  url: https://conda.anaconda.org/conda-forge/linux-64/libxml2-2.12.7-he7c6b58_4.conda
  hash:
    md5: 08a9265c637230c37cb1be4a6cad4536
    sha256: 10e9e0ac52b9a516a17edbc07f8d559e23778e54f1a7721b2e0e8219284fed3b
  category: main
  optional: false
- name: libzlib
  version: 1.3.1
  manager: conda
  platform: linux-64
  dependencies:
    libgcc-ng: '>=12'
  url: https://conda.anaconda.org/conda-forge/linux-64/libzlib-1.3.1-h4ab18f5_1.conda
  hash:
    md5: 57d7dc60e9325e3de37ff8dffd18e814
    sha256: adf6096f98b537a11ae3729eaa642b0811478f0ea0402ca67b5108fe2cb0010d
  category: main
  optional: false
- name: ncurses
  version: '6.5'
  manager: conda
  platform: linux-64
  dependencies:
    libgcc-ng: '>=12'
  url: https://conda.anaconda.org/conda-forge/linux-64/ncurses-6.5-h59595ed_0.conda
  hash:
    md5: fcea371545eda051b6deafb24889fc69
    sha256: 4fc3b384f4072b68853a0013ea83bdfd3d66b0126e2238e1d6e1560747aa7586
  category: main
  optional: false
- name: numactl
  version: 2.0.18
  manager: conda
  platform: linux-64
  dependencies:
    libgcc-ng: '>=12'
    libnuma: 2.0.18
  url: https://conda.anaconda.org/conda-forge/linux-64/numactl-2.0.18-h4ab18f5_2.conda
  hash:
    md5: ced15bee6568add082e68a2c64e08ed7
    sha256: b81a5e183dda8fb40302fe2de5b0546fcaf71c1dfa408a5cbac2d58bdf239667
  category: main
  optional: false
- name: openssl
  version: 3.3.1
  manager: conda
  platform: linux-64
  dependencies:
    __glibc: '>=2.17,<3.0.a0'
    ca-certificates: ''
    libgcc-ng: '>=12'
  url: https://conda.anaconda.org/conda-forge/linux-64/openssl-3.3.1-h4bc722e_2.conda
  hash:
    md5: e1b454497f9f7c1147fdde4b53f1b512
    sha256: b294b3cc706ad1048cdb514f0db3da9f37ae3fcc0c53a7104083dd0918adb200
  category: main
  optional: false
- name: python
  version: 3.11.9
  manager: conda
  platform: linux-64
  dependencies:
    bzip2: '>=1.0.8,<2.0a0'
    ld_impl_linux-64: '>=2.36.1'
    libexpat: '>=2.6.2,<3.0a0'
    libffi: '>=3.4,<4.0a0'
    libgcc-ng: '>=12'
    libnsl: '>=2.0.1,<2.1.0a0'
    libsqlite: '>=3.45.3,<4.0a0'
    libuuid: '>=2.38.1,<3.0a0'
    libxcrypt: '>=4.4.36'
    libzlib: '>=1.2.13,<2.0.0a0'
    ncurses: '>=6.4.20240210,<7.0a0'
    openssl: '>=3.2.1,<4.0a0'
    readline: '>=8.2,<9.0a0'
    tk: '>=8.6.13,<8.7.0a0'
    tzdata: ''
    xz: '>=5.2.6,<6.0a0'
  url: https://conda.anaconda.org/conda-forge/linux-64/python-3.11.9-hb806964_0_cpython.conda
  hash:
    md5: ac68acfa8b558ed406c75e98d3428d7b
    sha256: 177f33a1fb8d3476b38f73c37b42f01c0b014fa0e039a701fd9f83d83aae6d40
  category: main
  optional: false
- name: readline
  version: '8.2'
  manager: conda
  platform: linux-64
  dependencies:
    libgcc-ng: '>=12'
    ncurses: '>=6.3,<7.0a0'
  url: https://conda.anaconda.org/conda-forge/linux-64/readline-8.2-h8228510_1.conda
  hash:
    md5: 47d31b792659ce70f470b5c82fdfb7a4
    sha256: 5435cf39d039387fbdc977b0a762357ea909a7694d9528ab40f005e9208744d7
  category: main
  optional: false
- name: sysroot_linux-64
  version: '2.17'
  manager: conda
  platform: linux-64
  dependencies:
    _sysroot_linux-64_curr_repodata_hack: 3.*
    kernel-headers_linux-64: 3.10.0
    tzdata: ''
  url: https://conda.anaconda.org/conda-forge/noarch/sysroot_linux-64-2.17-h4a8ded7_16.conda
  hash:
    md5: 223fe8a3ff6d5e78484a9d58eb34d055
    sha256: b892b0b9c6dc8efe8b9b5442597d1ab8d65c0dc7e4e5a80f822cbdf0a639bd77
  category: main
  optional: false
- name: tbb
  version: 2021.12.0
  manager: conda
  platform: linux-64
  dependencies:
    __glibc: '>=2.17,<3.0.a0'
    libgcc-ng: '>=12'
    libhwloc: '>=2.11.1,<2.11.2.0a0'
    libstdcxx-ng: '>=12'
  url: https://conda.anaconda.org/conda-forge/linux-64/tbb-2021.12.0-h434a139_3.conda
  hash:
    md5: c667c11d1e488a38220ede8a34441bff
    sha256: e901e1887205a3f90d6a77e1302ccc5ffe48fd30de16907dfdbdbf1dbef0a177
  category: main
  optional: false
- name: tbb-devel
  version: 2021.12.0
  manager: conda
  platform: linux-64
  dependencies:
    __glibc: '>=2.17,<3.0.a0'
    libgcc-ng: '>=12'
    libstdcxx-ng: '>=12'
    tbb: 2021.12.0
  url: https://conda.anaconda.org/conda-forge/linux-64/tbb-devel-2021.12.0-hfcbfbdb_3.conda
  hash:
    md5: dd410ed856f34c994f1549079ff601bf
    sha256: c547c3d2747c1269f44c8065fe3664d685a6976c22b742ccc5dda46db6148ded
  category: main
  optional: false
- name: tk
  version: 8.6.13
  manager: conda
  platform: linux-64
  dependencies:
    libgcc-ng: '>=12'
    libzlib: '>=1.2.13,<2.0.0a0'
  url: https://conda.anaconda.org/conda-forge/linux-64/tk-8.6.13-noxft_h4845f30_101.conda
  hash:
    md5: d453b98d9c83e71da0741bb0ff4d76bc
    sha256: e0569c9caa68bf476bead1bed3d79650bb080b532c64a4af7d8ca286c08dea4e
  category: main
  optional: false
- name: tzdata
  version: 2024a
  manager: conda
  platform: linux-64
  dependencies: {}
  url: https://conda.anaconda.org/conda-forge/noarch/tzdata-2024a-h0c530f3_0.conda
  hash:
    md5: 161081fc7cec0bfda0d86d7cb595f8d8
    sha256: 7b2b69c54ec62a243eb6fba2391b5e443421608c3ae5dbff938ad33ca8db5122
  category: main
  optional: false
- name: xz
  version: 5.2.6
  manager: conda
  platform: linux-64
  dependencies:
    libgcc-ng: '>=12'
  url: https://conda.anaconda.org/conda-forge/linux-64/xz-5.2.6-h166bdaf_0.tar.bz2
  hash:
    md5: 2161070d867d1b1204ea749c8eec4ef0
    sha256: 03a6d28ded42af8a347345f82f3eebdd6807a08526d47899a42d62d319609162
  category: main
  optional: false
